// !$*UTF8*$!
{
	archiveVersion = 1;
	classes = {
	};
	objectVersion = 56;
	objects = {

/* Begin PBXBuildFile section */
		193CB4CC2974658B009F07DE /* AppDelegate.swift in Sources */ = {isa = PBXBuildFile; fileRef = 193CB4CB2974658B009F07DE /* AppDelegate.swift */; };
		193CB4CE2974658B009F07DE /* SceneDelegate.swift in Sources */ = {isa = PBXBuildFile; fileRef = 193CB4CD2974658B009F07DE /* SceneDelegate.swift */; };
		193CB4D02974658B009F07DE /* RMTabViewController.swift in Sources */ = {isa = PBXBuildFile; fileRef = 193CB4CF2974658B009F07DE /* RMTabViewController.swift */; };
		193CB4D52974658C009F07DE /* Assets.xcassets in Resources */ = {isa = PBXBuildFile; fileRef = 193CB4D42974658C009F07DE /* Assets.xcassets */; };
		193CB4D82974658C009F07DE /* LaunchScreen.storyboard in Resources */ = {isa = PBXBuildFile; fileRef = 193CB4D62974658C009F07DE /* LaunchScreen.storyboard */; };
		193CB4E929746E71009F07DE /* RMLocation.swift in Sources */ = {isa = PBXBuildFile; fileRef = 193CB4E829746E71009F07DE /* RMLocation.swift */; };
		193CB4EB29746E7C009F07DE /* RMEpisode.swift in Sources */ = {isa = PBXBuildFile; fileRef = 193CB4EA29746E7C009F07DE /* RMEpisode.swift */; };
		193CB4ED29746E97009F07DE /* RMCharacter.swift in Sources */ = {isa = PBXBuildFile; fileRef = 193CB4EC29746E97009F07DE /* RMCharacter.swift */; };
		193CB4EF29746F4A009F07DE /* RMLocationViewController.swift in Sources */ = {isa = PBXBuildFile; fileRef = 193CB4EE29746F4A009F07DE /* RMLocationViewController.swift */; };
		193CB4F429746FB4009F07DE /* RMEpisodeViewController.swift in Sources */ = {isa = PBXBuildFile; fileRef = 193CB4F329746FB4009F07DE /* RMEpisodeViewController.swift */; };
		193CB4F629746FE3009F07DE /* RMSettingsViewController.swift in Sources */ = {isa = PBXBuildFile; fileRef = 193CB4F529746FE3009F07DE /* RMSettingsViewController.swift */; };
		193CB4F82974700B009F07DE /* RMCharacterViewController.swift in Sources */ = {isa = PBXBuildFile; fileRef = 193CB4F72974700B009F07DE /* RMCharacterViewController.swift */; };
		193CB4FA2974907F009F07DE /* RMService.swift in Sources */ = {isa = PBXBuildFile; fileRef = 193CB4F92974907F009F07DE /* RMService.swift */; };
		193CB4FC29749087009F07DE /* RMRequest.swift in Sources */ = {isa = PBXBuildFile; fileRef = 193CB4FB29749087009F07DE /* RMRequest.swift */; };
		193CB4FE2974908F009F07DE /* RMEndpoint.swift in Sources */ = {isa = PBXBuildFile; fileRef = 193CB4FD2974908F009F07DE /* RMEndpoint.swift */; };
		193CB51229749F48009F07DE /* RMRequestTests.swift in Sources */ = {isa = PBXBuildFile; fileRef = 193CB51129749F48009F07DE /* RMRequestTests.swift */; };
/* End PBXBuildFile section */

/* Begin PBXContainerItemProxy section */
		193CB50929749E82009F07DE /* PBXContainerItemProxy */ = {
			isa = PBXContainerItemProxy;
			containerPortal = 193CB4C02974658B009F07DE /* Project object */;
			proxyType = 1;
			remoteGlobalIDString = 193CB4C72974658B009F07DE;
			remoteInfo = ricknmorty;
		};
/* End PBXContainerItemProxy section */

/* Begin PBXFileReference section */
		193CB4C82974658B009F07DE /* ricknmorty.app */ = {isa = PBXFileReference; explicitFileType = wrapper.application; includeInIndex = 0; path = ricknmorty.app; sourceTree = BUILT_PRODUCTS_DIR; };
		193CB4CB2974658B009F07DE /* AppDelegate.swift */ = {isa = PBXFileReference; lastKnownFileType = sourcecode.swift; path = AppDelegate.swift; sourceTree = "<group>"; };
		193CB4CD2974658B009F07DE /* SceneDelegate.swift */ = {isa = PBXFileReference; lastKnownFileType = sourcecode.swift; path = SceneDelegate.swift; sourceTree = "<group>"; };
		193CB4CF2974658B009F07DE /* RMTabViewController.swift */ = {isa = PBXFileReference; lastKnownFileType = sourcecode.swift; path = RMTabViewController.swift; sourceTree = "<group>"; };
		193CB4D42974658C009F07DE /* Assets.xcassets */ = {isa = PBXFileReference; lastKnownFileType = folder.assetcatalog; path = Assets.xcassets; sourceTree = "<group>"; };
		193CB4D72974658C009F07DE /* Base */ = {isa = PBXFileReference; lastKnownFileType = file.storyboard; name = Base; path = Base.lproj/LaunchScreen.storyboard; sourceTree = "<group>"; };
		193CB4D92974658C009F07DE /* Info.plist */ = {isa = PBXFileReference; lastKnownFileType = text.plist.xml; path = Info.plist; sourceTree = "<group>"; };
		193CB4E829746E71009F07DE /* RMLocation.swift */ = {isa = PBXFileReference; lastKnownFileType = sourcecode.swift; path = RMLocation.swift; sourceTree = "<group>"; };
		193CB4EA29746E7C009F07DE /* RMEpisode.swift */ = {isa = PBXFileReference; lastKnownFileType = sourcecode.swift; path = RMEpisode.swift; sourceTree = "<group>"; };
		193CB4EC29746E97009F07DE /* RMCharacter.swift */ = {isa = PBXFileReference; lastKnownFileType = sourcecode.swift; path = RMCharacter.swift; sourceTree = "<group>"; };
		193CB4EE29746F4A009F07DE /* RMLocationViewController.swift */ = {isa = PBXFileReference; lastKnownFileType = sourcecode.swift; path = RMLocationViewController.swift; sourceTree = "<group>"; };
		193CB4F329746FB4009F07DE /* RMEpisodeViewController.swift */ = {isa = PBXFileReference; fileEncoding = 4; lastKnownFileType = sourcecode.swift; path = RMEpisodeViewController.swift; sourceTree = "<group>"; };
		193CB4F529746FE3009F07DE /* RMSettingsViewController.swift */ = {isa = PBXFileReference; lastKnownFileType = sourcecode.swift; path = RMSettingsViewController.swift; sourceTree = "<group>"; };
		193CB4F72974700B009F07DE /* RMCharacterViewController.swift */ = {isa = PBXFileReference; lastKnownFileType = sourcecode.swift; path = RMCharacterViewController.swift; sourceTree = "<group>"; };
		193CB4F92974907F009F07DE /* RMService.swift */ = {isa = PBXFileReference; lastKnownFileType = sourcecode.swift; path = RMService.swift; sourceTree = "<group>"; };
		193CB4FB29749087009F07DE /* RMRequest.swift */ = {isa = PBXFileReference; lastKnownFileType = sourcecode.swift; path = RMRequest.swift; sourceTree = "<group>"; };
		193CB4FD2974908F009F07DE /* RMEndpoint.swift */ = {isa = PBXFileReference; lastKnownFileType = sourcecode.swift; path = RMEndpoint.swift; sourceTree = "<group>"; };
		193CB50529749E82009F07DE /* ricknmortyTests.xctest */ = {isa = PBXFileReference; explicitFileType = wrapper.cfbundle; includeInIndex = 0; path = ricknmortyTests.xctest; sourceTree = BUILT_PRODUCTS_DIR; };
		193CB51129749F48009F07DE /* RMRequestTests.swift */ = {isa = PBXFileReference; lastKnownFileType = sourcecode.swift; path = RMRequestTests.swift; sourceTree = "<group>"; };
		193CB5132974AE73009F07DE /* README.md */ = {isa = PBXFileReference; lastKnownFileType = net.daringfireball.markdown; path = README.md; sourceTree = "<group>"; };
/* End PBXFileReference section */

/* Begin PBXFrameworksBuildPhase section */
		193CB4C52974658B009F07DE /* Frameworks */ = {
			isa = PBXFrameworksBuildPhase;
			buildActionMask = 2147483647;
			files = (
			);
			runOnlyForDeploymentPostprocessing = 0;
		};
		193CB50229749E82009F07DE /* Frameworks */ = {
			isa = PBXFrameworksBuildPhase;
			buildActionMask = 2147483647;
			files = (
			);
			runOnlyForDeploymentPostprocessing = 0;
		};
/* End PBXFrameworksBuildPhase section */

/* Begin PBXGroup section */
		193CB4BF2974658B009F07DE = {
			isa = PBXGroup;
			children = (
				193CB5132974AE73009F07DE /* README.md */,
				193CB4CA2974658B009F07DE /* ricknmorty */,
				193CB50629749E82009F07DE /* ricknmortyTests */,
				193CB4C92974658B009F07DE /* Products */,
			);
			sourceTree = "<group>";
		};
		193CB4C92974658B009F07DE /* Products */ = {
			isa = PBXGroup;
			children = (
				193CB4C82974658B009F07DE /* ricknmorty.app */,
				193CB50529749E82009F07DE /* ricknmortyTests.xctest */,
			);
			name = Products;
			sourceTree = "<group>";
		};
		193CB4CA2974658B009F07DE /* ricknmorty */ = {
			isa = PBXGroup;
			children = (
				193CB4E729746882009F07DE /* Resources */,
				193CB4E629746878009F07DE /* Managers */,
				193CB4E529746869009F07DE /* APIClient */,
				193CB4E429746860009F07DE /* ViewModels */,
				193CB4E229746852009F07DE /* Views */,
				193CB4E129746842009F07DE /* Models */,
				193CB4DF2974682C009F07DE /* Controllers */,
				193CB4D92974658C009F07DE /* Info.plist */,
			);
			path = ricknmorty;
			sourceTree = "<group>";
		};
		193CB4DF2974682C009F07DE /* Controllers */ = {
			isa = PBXGroup;
			children = (
				193CB4F029746F50009F07DE /* Core */,
			);
			path = Controllers;
			sourceTree = "<group>";
		};
		193CB4E129746842009F07DE /* Models */ = {
			isa = PBXGroup;
			children = (
				193CB4E829746E71009F07DE /* RMLocation.swift */,
				193CB4EA29746E7C009F07DE /* RMEpisode.swift */,
				193CB4EC29746E97009F07DE /* RMCharacter.swift */,
			);
			path = Models;
			sourceTree = "<group>";
		};
		193CB4E229746852009F07DE /* Views */ = {
			isa = PBXGroup;
			children = (
			);
			path = Views;
			sourceTree = "<group>";
		};
		193CB4E429746860009F07DE /* ViewModels */ = {
			isa = PBXGroup;
			children = (
			);
			path = ViewModels;
			sourceTree = "<group>";
		};
		193CB4E529746869009F07DE /* APIClient */ = {
			isa = PBXGroup;
			children = (
				193CB4F92974907F009F07DE /* RMService.swift */,
				193CB4FB29749087009F07DE /* RMRequest.swift */,
				193CB4FD2974908F009F07DE /* RMEndpoint.swift */,
			);
			path = APIClient;
			sourceTree = "<group>";
		};
		193CB4E629746878009F07DE /* Managers */ = {
			isa = PBXGroup;
			children = (
			);
			path = Managers;
			sourceTree = "<group>";
		};
		193CB4E729746882009F07DE /* Resources */ = {
			isa = PBXGroup;
			children = (
				193CB4D42974658C009F07DE /* Assets.xcassets */,
				193CB4D62974658C009F07DE /* LaunchScreen.storyboard */,
				193CB4CB2974658B009F07DE /* AppDelegate.swift */,
				193CB4CD2974658B009F07DE /* SceneDelegate.swift */,
			);
			path = Resources;
			sourceTree = "<group>";
		};
		193CB4F029746F50009F07DE /* Core */ = {
			isa = PBXGroup;
			children = (
				193CB4CF2974658B009F07DE /* RMTabViewController.swift */,
				193CB4EE29746F4A009F07DE /* RMLocationViewController.swift */,
				193CB4F72974700B009F07DE /* RMCharacterViewController.swift */,
				193CB4F329746FB4009F07DE /* RMEpisodeViewController.swift */,
				193CB4F529746FE3009F07DE /* RMSettingsViewController.swift */,
			);
			path = Core;
			sourceTree = "<group>";
		};
		193CB50629749E82009F07DE /* ricknmortyTests */ = {
			isa = PBXGroup;
			children = (
				193CB50E29749F15009F07DE /* APIClient */,
			);
			path = ricknmortyTests;
			sourceTree = "<group>";
		};
		193CB50E29749F15009F07DE /* APIClient */ = {
			isa = PBXGroup;
			children = (
				193CB51129749F48009F07DE /* RMRequestTests.swift */,
			);
			path = APIClient;
			sourceTree = "<group>";
		};
/* End PBXGroup section */

/* Begin PBXNativeTarget section */
		193CB4C72974658B009F07DE /* ricknmorty */ = {
			isa = PBXNativeTarget;
			buildConfigurationList = 193CB4DC2974658C009F07DE /* Build configuration list for PBXNativeTarget "ricknmorty" */;
			buildPhases = (
				193CB4C42974658B009F07DE /* Sources */,
				193CB4C52974658B009F07DE /* Frameworks */,
				193CB4C62974658B009F07DE /* Resources */,
			);
			buildRules = (
			);
			dependencies = (
			);
			name = ricknmorty;
			productName = ricknmorty;
			productReference = 193CB4C82974658B009F07DE /* ricknmorty.app */;
			productType = "com.apple.product-type.application";
		};
		193CB50429749E82009F07DE /* ricknmortyTests */ = {
			isa = PBXNativeTarget;
			buildConfigurationList = 193CB50B29749E82009F07DE /* Build configuration list for PBXNativeTarget "ricknmortyTests" */;
			buildPhases = (
				193CB50129749E82009F07DE /* Sources */,
				193CB50229749E82009F07DE /* Frameworks */,
				193CB50329749E82009F07DE /* Resources */,
			);
			buildRules = (
			);
			dependencies = (
				193CB50A29749E82009F07DE /* PBXTargetDependency */,
			);
			name = ricknmortyTests;
			productName = ricknmortyTests;
			productReference = 193CB50529749E82009F07DE /* ricknmortyTests.xctest */;
			productType = "com.apple.product-type.bundle.unit-test";
		};
/* End PBXNativeTarget section */

/* Begin PBXProject section */
		193CB4C02974658B009F07DE /* Project object */ = {
			isa = PBXProject;
			attributes = {
				BuildIndependentTargetsInParallel = 1;
				LastSwiftUpdateCheck = 1420;
				LastUpgradeCheck = 1420;
				TargetAttributes = {
					193CB4C72974658B009F07DE = {
						CreatedOnToolsVersion = 14.2;
					};
					193CB50429749E82009F07DE = {
						CreatedOnToolsVersion = 14.2;
						TestTargetID = 193CB4C72974658B009F07DE;
					};
				};
			};
			buildConfigurationList = 193CB4C32974658B009F07DE /* Build configuration list for PBXProject "ricknmorty" */;
			compatibilityVersion = "Xcode 14.0";
			developmentRegion = en;
			hasScannedForEncodings = 0;
			knownRegions = (
				en,
				Base,
			);
			mainGroup = 193CB4BF2974658B009F07DE;
			productRefGroup = 193CB4C92974658B009F07DE /* Products */;
			projectDirPath = "";
			projectRoot = "";
			targets = (
				193CB4C72974658B009F07DE /* ricknmorty */,
				193CB50429749E82009F07DE /* ricknmortyTests */,
			);
		};
/* End PBXProject section */

/* Begin PBXResourcesBuildPhase section */
		193CB4C62974658B009F07DE /* Resources */ = {
			isa = PBXResourcesBuildPhase;
			buildActionMask = 2147483647;
			files = (
				193CB4D82974658C009F07DE /* LaunchScreen.storyboard in Resources */,
				193CB4D52974658C009F07DE /* Assets.xcassets in Resources */,
			);
			runOnlyForDeploymentPostprocessing = 0;
		};
		193CB50329749E82009F07DE /* Resources */ = {
			isa = PBXResourcesBuildPhase;
			buildActionMask = 2147483647;
			files = (
			);
			runOnlyForDeploymentPostprocessing = 0;
		};
/* End PBXResourcesBuildPhase section */

/* Begin PBXSourcesBuildPhase section */
		193CB4C42974658B009F07DE /* Sources */ = {
			isa = PBXSourcesBuildPhase;
			buildActionMask = 2147483647;
			files = (
				193CB4FE2974908F009F07DE /* RMEndpoint.swift in Sources */,
				193CB4ED29746E97009F07DE /* RMCharacter.swift in Sources */,
				193CB4D02974658B009F07DE /* RMTabViewController.swift in Sources */,
				193CB4EF29746F4A009F07DE /* RMLocationViewController.swift in Sources */,
				193CB4F429746FB4009F07DE /* RMEpisodeViewController.swift in Sources */,
				193CB4CC2974658B009F07DE /* AppDelegate.swift in Sources */,
				193CB4FA2974907F009F07DE /* RMService.swift in Sources */,
				193CB4FC29749087009F07DE /* RMRequest.swift in Sources */,
				193CB4F82974700B009F07DE /* RMCharacterViewController.swift in Sources */,
				193CB4CE2974658B009F07DE /* SceneDelegate.swift in Sources */,
				193CB4F629746FE3009F07DE /* RMSettingsViewController.swift in Sources */,
				193CB4E929746E71009F07DE /* RMLocation.swift in Sources */,
				193CB4EB29746E7C009F07DE /* RMEpisode.swift in Sources */,
			);
			runOnlyForDeploymentPostprocessing = 0;
		};
		193CB50129749E82009F07DE /* Sources */ = {
			isa = PBXSourcesBuildPhase;
			buildActionMask = 2147483647;
			files = (
				193CB51229749F48009F07DE /* RMRequestTests.swift in Sources */,
			);
			runOnlyForDeploymentPostprocessing = 0;
		};
/* End PBXSourcesBuildPhase section */

/* Begin PBXTargetDependency section */
		193CB50A29749E82009F07DE /* PBXTargetDependency */ = {
			isa = PBXTargetDependency;
			target = 193CB4C72974658B009F07DE /* ricknmorty */;
			targetProxy = 193CB50929749E82009F07DE /* PBXContainerItemProxy */;
		};
/* End PBXTargetDependency section */

/* Begin PBXVariantGroup section */
		193CB4D62974658C009F07DE /* LaunchScreen.storyboard */ = {
			isa = PBXVariantGroup;
			children = (
				193CB4D72974658C009F07DE /* Base */,
			);
			name = LaunchScreen.storyboard;
			sourceTree = "<group>";
		};
/* End PBXVariantGroup section */

/* Begin XCBuildConfiguration section */
		193CB4DA2974658C009F07DE /* Debug */ = {
			isa = XCBuildConfiguration;
			buildSettings = {
				ALWAYS_SEARCH_USER_PATHS = NO;
				CLANG_ANALYZER_NONNULL = YES;
				CLANG_ANALYZER_NUMBER_OBJECT_CONVERSION = YES_AGGRESSIVE;
				CLANG_CXX_LANGUAGE_STANDARD = "gnu++20";
				CLANG_ENABLE_MODULES = YES;
				CLANG_ENABLE_OBJC_ARC = YES;
				CLANG_ENABLE_OBJC_WEAK = YES;
				CLANG_WARN_BLOCK_CAPTURE_AUTORELEASING = YES;
				CLANG_WARN_BOOL_CONVERSION = YES;
				CLANG_WARN_COMMA = YES;
				CLANG_WARN_CONSTANT_CONVERSION = YES;
				CLANG_WARN_DEPRECATED_OBJC_IMPLEMENTATIONS = YES;
				CLANG_WARN_DIRECT_OBJC_ISA_USAGE = YES_ERROR;
				CLANG_WARN_DOCUMENTATION_COMMENTS = YES;
				CLANG_WARN_EMPTY_BODY = YES;
				CLANG_WARN_ENUM_CONVERSION = YES;
				CLANG_WARN_INFINITE_RECURSION = YES;
				CLANG_WARN_INT_CONVERSION = YES;
				CLANG_WARN_NON_LITERAL_NULL_CONVERSION = YES;
				CLANG_WARN_OBJC_IMPLICIT_RETAIN_SELF = YES;
				CLANG_WARN_OBJC_LITERAL_CONVERSION = YES;
				CLANG_WARN_OBJC_ROOT_CLASS = YES_ERROR;
				CLANG_WARN_QUOTED_INCLUDE_IN_FRAMEWORK_HEADER = YES;
				CLANG_WARN_RANGE_LOOP_ANALYSIS = YES;
				CLANG_WARN_STRICT_PROTOTYPES = YES;
				CLANG_WARN_SUSPICIOUS_MOVE = YES;
				CLANG_WARN_UNGUARDED_AVAILABILITY = YES_AGGRESSIVE;
				CLANG_WARN_UNREACHABLE_CODE = YES;
				CLANG_WARN__DUPLICATE_METHOD_MATCH = YES;
				COPY_PHASE_STRIP = NO;
				DEBUG_INFORMATION_FORMAT = dwarf;
				ENABLE_STRICT_OBJC_MSGSEND = YES;
				ENABLE_TESTABILITY = YES;
				GCC_C_LANGUAGE_STANDARD = gnu11;
				GCC_DYNAMIC_NO_PIC = NO;
				GCC_NO_COMMON_BLOCKS = YES;
				GCC_OPTIMIZATION_LEVEL = 0;
				GCC_PREPROCESSOR_DEFINITIONS = (
					"DEBUG=1",
					"$(inherited)",
				);
				GCC_WARN_64_TO_32_BIT_CONVERSION = YES;
				GCC_WARN_ABOUT_RETURN_TYPE = YES_ERROR;
				GCC_WARN_UNDECLARED_SELECTOR = YES;
				GCC_WARN_UNINITIALIZED_AUTOS = YES_AGGRESSIVE;
				GCC_WARN_UNUSED_FUNCTION = YES;
				GCC_WARN_UNUSED_VARIABLE = YES;
				IPHONEOS_DEPLOYMENT_TARGET = 16.2;
				MTL_ENABLE_DEBUG_INFO = INCLUDE_SOURCE;
				MTL_FAST_MATH = YES;
				ONLY_ACTIVE_ARCH = YES;
				SDKROOT = iphoneos;
				SWIFT_ACTIVE_COMPILATION_CONDITIONS = DEBUG;
				SWIFT_OPTIMIZATION_LEVEL = "-Onone";
			};
			name = Debug;
		};
		193CB4DB2974658C009F07DE /* Release */ = {
			isa = XCBuildConfiguration;
			buildSettings = {
				ALWAYS_SEARCH_USER_PATHS = NO;
				CLANG_ANALYZER_NONNULL = YES;
				CLANG_ANALYZER_NUMBER_OBJECT_CONVERSION = YES_AGGRESSIVE;
				CLANG_CXX_LANGUAGE_STANDARD = "gnu++20";
				CLANG_ENABLE_MODULES = YES;
				CLANG_ENABLE_OBJC_ARC = YES;
				CLANG_ENABLE_OBJC_WEAK = YES;
				CLANG_WARN_BLOCK_CAPTURE_AUTORELEASING = YES;
				CLANG_WARN_BOOL_CONVERSION = YES;
				CLANG_WARN_COMMA = YES;
				CLANG_WARN_CONSTANT_CONVERSION = YES;
				CLANG_WARN_DEPRECATED_OBJC_IMPLEMENTATIONS = YES;
				CLANG_WARN_DIRECT_OBJC_ISA_USAGE = YES_ERROR;
				CLANG_WARN_DOCUMENTATION_COMMENTS = YES;
				CLANG_WARN_EMPTY_BODY = YES;
				CLANG_WARN_ENUM_CONVERSION = YES;
				CLANG_WARN_INFINITE_RECURSION = YES;
				CLANG_WARN_INT_CONVERSION = YES;
				CLANG_WARN_NON_LITERAL_NULL_CONVERSION = YES;
				CLANG_WARN_OBJC_IMPLICIT_RETAIN_SELF = YES;
				CLANG_WARN_OBJC_LITERAL_CONVERSION = YES;
				CLANG_WARN_OBJC_ROOT_CLASS = YES_ERROR;
				CLANG_WARN_QUOTED_INCLUDE_IN_FRAMEWORK_HEADER = YES;
				CLANG_WARN_RANGE_LOOP_ANALYSIS = YES;
				CLANG_WARN_STRICT_PROTOTYPES = YES;
				CLANG_WARN_SUSPICIOUS_MOVE = YES;
				CLANG_WARN_UNGUARDED_AVAILABILITY = YES_AGGRESSIVE;
				CLANG_WARN_UNREACHABLE_CODE = YES;
				CLANG_WARN__DUPLICATE_METHOD_MATCH = YES;
				COPY_PHASE_STRIP = NO;
				DEBUG_INFORMATION_FORMAT = "dwarf-with-dsym";
				ENABLE_NS_ASSERTIONS = NO;
				ENABLE_STRICT_OBJC_MSGSEND = YES;
				GCC_C_LANGUAGE_STANDARD = gnu11;
				GCC_NO_COMMON_BLOCKS = YES;
				GCC_WARN_64_TO_32_BIT_CONVERSION = YES;
				GCC_WARN_ABOUT_RETURN_TYPE = YES_ERROR;
				GCC_WARN_UNDECLARED_SELECTOR = YES;
				GCC_WARN_UNINITIALIZED_AUTOS = YES_AGGRESSIVE;
				GCC_WARN_UNUSED_FUNCTION = YES;
				GCC_WARN_UNUSED_VARIABLE = YES;
				IPHONEOS_DEPLOYMENT_TARGET = 16.2;
				MTL_ENABLE_DEBUG_INFO = NO;
				MTL_FAST_MATH = YES;
				SDKROOT = iphoneos;
				SWIFT_COMPILATION_MODE = wholemodule;
				SWIFT_OPTIMIZATION_LEVEL = "-O";
				VALIDATE_PRODUCT = YES;
			};
			name = Release;
		};
		193CB4DD2974658C009F07DE /* Debug */ = {
			isa = XCBuildConfiguration;
			buildSettings = {
				ASSETCATALOG_COMPILER_APPICON_NAME = AppIcon;
				ASSETCATALOG_COMPILER_GLOBAL_ACCENT_COLOR_NAME = AccentColor;
				CODE_SIGN_STYLE = Automatic;
				CURRENT_PROJECT_VERSION = 1;
				DEVELOPMENT_TEAM = 969CB9DK67;
				GENERATE_INFOPLIST_FILE = YES;
				INFOPLIST_FILE = ricknmorty/Info.plist;
				INFOPLIST_KEY_UIApplicationSupportsIndirectInputEvents = YES;
				INFOPLIST_KEY_UILaunchStoryboardName = LaunchScreen;
				INFOPLIST_KEY_UISupportedInterfaceOrientations_iPad = "UIInterfaceOrientationPortrait UIInterfaceOrientationPortraitUpsideDown UIInterfaceOrientationLandscapeLeft UIInterfaceOrientationLandscapeRight";
				INFOPLIST_KEY_UISupportedInterfaceOrientations_iPhone = "UIInterfaceOrientationPortrait UIInterfaceOrientationLandscapeLeft UIInterfaceOrientationLandscapeRight";
				LD_RUNPATH_SEARCH_PATHS = (
					"$(inherited)",
					"@executable_path/Frameworks",
				);
				MARKETING_VERSION = 1.0;
				PRODUCT_BUNDLE_IDENTIFIER = pingus.ricknmorty;
				PRODUCT_NAME = "$(TARGET_NAME)";
				SWIFT_EMIT_LOC_STRINGS = YES;
				SWIFT_VERSION = 5.0;
				TARGETED_DEVICE_FAMILY = "1,2";
			};
			name = Debug;
		};
		193CB4DE2974658C009F07DE /* Release */ = {
			isa = XCBuildConfiguration;
			buildSettings = {
				ASSETCATALOG_COMPILER_APPICON_NAME = AppIcon;
				ASSETCATALOG_COMPILER_GLOBAL_ACCENT_COLOR_NAME = AccentColor;
				CODE_SIGN_STYLE = Automatic;
				CURRENT_PROJECT_VERSION = 1;
				DEVELOPMENT_TEAM = 969CB9DK67;
				GENERATE_INFOPLIST_FILE = YES;
				INFOPLIST_FILE = ricknmorty/Info.plist;
				INFOPLIST_KEY_UIApplicationSupportsIndirectInputEvents = YES;
				INFOPLIST_KEY_UILaunchStoryboardName = LaunchScreen;
				INFOPLIST_KEY_UISupportedInterfaceOrientations_iPad = "UIInterfaceOrientationPortrait UIInterfaceOrientationPortraitUpsideDown UIInterfaceOrientationLandscapeLeft UIInterfaceOrientationLandscapeRight";
				INFOPLIST_KEY_UISupportedInterfaceOrientations_iPhone = "UIInterfaceOrientationPortrait UIInterfaceOrientationLandscapeLeft UIInterfaceOrientationLandscapeRight";
				LD_RUNPATH_SEARCH_PATHS = (
					"$(inherited)",
					"@executable_path/Frameworks",
				);
				MARKETING_VERSION = 1.0;
				PRODUCT_BUNDLE_IDENTIFIER = pingus.ricknmorty;
				PRODUCT_NAME = "$(TARGET_NAME)";
				SWIFT_EMIT_LOC_STRINGS = YES;
				SWIFT_VERSION = 5.0;
				TARGETED_DEVICE_FAMILY = "1,2";
			};
			name = Release;
		};
		193CB50C29749E82009F07DE /* Debug */ = {
			isa = XCBuildConfiguration;
			buildSettings = {
				BUNDLE_LOADER = "$(TEST_HOST)";
				CODE_SIGN_STYLE = Automatic;
				CURRENT_PROJECT_VERSION = 1;
				DEVELOPMENT_TEAM = 969CB9DK67;
				GENERATE_INFOPLIST_FILE = YES;
				MARKETING_VERSION = 1.0;
				PRODUCT_BUNDLE_IDENTIFIER = pingus.ricknmortyTests;
				PRODUCT_NAME = "$(TARGET_NAME)";
				SWIFT_EMIT_LOC_STRINGS = NO;
				SWIFT_VERSION = 5.0;
				TARGETED_DEVICE_FAMILY = "1,2";
				TEST_HOST = "$(BUILT_PRODUCTS_DIR)/ricknmorty.app/$(BUNDLE_EXECUTABLE_FOLDER_PATH)/ricknmorty";
			};
			name = Debug;
		};
		193CB50D29749E82009F07DE /* Release */ = {
			isa = XCBuildConfiguration;
			buildSettings = {
				BUNDLE_LOADER = "$(TEST_HOST)";
				CODE_SIGN_STYLE = Automatic;
				CURRENT_PROJECT_VERSION = 1;
				DEVELOPMENT_TEAM = 969CB9DK67;
				GENERATE_INFOPLIST_FILE = YES;
				MARKETING_VERSION = 1.0;
				PRODUCT_BUNDLE_IDENTIFIER = pingus.ricknmortyTests;
				PRODUCT_NAME = "$(TARGET_NAME)";
				SWIFT_EMIT_LOC_STRINGS = NO;
				SWIFT_VERSION = 5.0;
				TARGETED_DEVICE_FAMILY = "1,2";
				TEST_HOST = "$(BUILT_PRODUCTS_DIR)/ricknmorty.app/$(BUNDLE_EXECUTABLE_FOLDER_PATH)/ricknmorty";
			};
			name = Release;
		};
/* End XCBuildConfiguration section */

/* Begin XCConfigurationList section */
		193CB4C32974658B009F07DE /* Build configuration list for PBXProject "ricknmorty" */ = {
			isa = XCConfigurationList;
			buildConfigurations = (
				193CB4DA2974658C009F07DE /* Debug */,
				193CB4DB2974658C009F07DE /* Release */,
			);
			defaultConfigurationIsVisible = 0;
			defaultConfigurationName = Release;
		};
		193CB4DC2974658C009F07DE /* Build configuration list for PBXNativeTarget "ricknmorty" */ = {
			isa = XCConfigurationList;
			buildConfigurations = (
				193CB4DD2974658C009F07DE /* Debug */,
				193CB4DE2974658C009F07DE /* Release */,
			);
			defaultConfigurationIsVisible = 0;
			defaultConfigurationName = Release;
		};
		193CB50B29749E82009F07DE /* Build configuration list for PBXNativeTarget "ricknmortyTests" */ = {
			isa = XCConfigurationList;
			buildConfigurations = (
				193CB50C29749E82009F07DE /* Debug */,
				193CB50D29749E82009F07DE /* Release */,
			);
			defaultConfigurationIsVisible = 0;
			defaultConfigurationName = Release;
		};
/* End XCConfigurationList section */
	};
	rootObject = 193CB4C02974658B009F07DE /* Project object */;
}
